
Microsoft Visual Studio Solution File, Format Version 12.00
# Visual Studio Version 17
VisualStudioVersion = 17.10.35122.118
MinimumVisualStudioVersion = 10.0.40219.1
Project("{9A19103F-16F7-4668-BE54-9A1E7A4F7556}") = "AmitdPres", "AmitdPres\AmitdPres.csproj", "{6AF526B6-E9EC-466A-B366-583F9AB9B724}"
EndProject
Project("{9A19103F-16F7-4668-BE54-9A1E7A4F7556}") = "AmitdPres.API1", "AmitdPres.API1\AmitdPres.API1.csproj", "{678651F3-5853-4680-834A-3BCCDE56BD4C}"
EndProject
Global
	GlobalSection(SolutionConfigurationPlatforms) = preSolution
		Debug|Any CPU = Debug|Any CPU
		Release|Any CPU = Release|Any CPU
	EndGlobalSection
	GlobalSection(ProjectConfigurationPlatforms) = postSolution
		{6AF526B6-E9EC-466A-B366-583F9AB9B724}.Debug|Any CPU.ActiveCfg = Debug|Any CPU
		{6AF526B6-E9EC-466A-B366-583F9AB9B724}.Debug|Any CPU.Build.0 = Debug|Any CPU
		{6AF526B6-E9EC-466A-B366-583F9AB9B724}.Release|Any CPU.ActiveCfg = Release|Any CPU
		{6AF526B6-E9EC-466A-B366-583F9AB9B724}.Release|Any CPU.Build.0 = Release|Any CPU
		{678651F3-5853-4680-834A-3BCCDE56BD4C}.Debug|Any CPU.ActiveCfg = Debug|Any CPU
		{678651F3-5853-4680-834A-3BCCDE56BD4C}.Debug|Any CPU.Build.0 = Debug|Any CPU
		{678651F3-5853-4680-834A-3BCCDE56BD4C}.Release|Any CPU.ActiveCfg = Release|Any CPU
		{678651F3-5853-4680-834A-3BCCDE56BD4C}.Release|Any CPU.Build.0 = Release|Any CPU
	EndGlobalSection
	GlobalSection(SolutionProperties) = preSolution
		HideSolutionNode = FALSE
	EndGlobalSection
	GlobalSection(ExtensibilityGlobals) = postSolution
		SolutionGuid = {D80DDB94-9D01-4C61-AAB9-DCBC376D341D}
	EndGlobalSection
EndGlobal
